
Microsoft Visual Studio Solution File, Format Version 12.00
# Visual Studio 2012
Project("{FAE04EC0-301F-11D3-BF4B-00C04F79EFBC}") = "Auth0Sample", "AUTH0Sample\Auth0Sample.csproj", "{FFA7C26C-8E6E-467C-9492-7A3632075475}"
EndProject
Project("{FAE04EC0-301F-11D3-BF4B-00C04F79EFBC}") = "Auth0Sample.iOS", "iOS\Auth0Sample.iOS.csproj", "{81F3CCD1-1201-42D6-BB70-D65670DB1AA6}"
EndProject
Project("{FAE04EC0-301F-11D3-BF4B-00C04F79EFBC}") = "Auth0Sample.Droid", "Droid\Auth0Sample.Droid.csproj", "{548D186E-0E4C-4357-907F-0FE1ED47D77C}"
EndProject
Global
	GlobalSection(SolutionConfigurationPlatforms) = preSolution
		Debug|Any CPU = Debug|Any CPU
		Release|Any CPU = Release|Any CPU
		Debug|iPhoneSimulator = Debug|iPhoneSimulator
		Release|iPhone = Release|iPhone
		Release|iPhoneSimulator = Release|iPhoneSimulator
		Debug|iPhone = Debug|iPhone
	EndGlobalSection
	GlobalSection(ProjectConfigurationPlatforms) = postSolution
		{FFA7C26C-8E6E-467C-9492-7A3632075475}.Debug|Any CPU.ActiveCfg = Debug|Any CPU
		{FFA7C26C-8E6E-467C-9492-7A3632075475}.Debug|Any CPU.Build.0 = Debug|Any CPU
		{FFA7C26C-8E6E-467C-9492-7A3632075475}.Release|Any CPU.ActiveCfg = Release|Any CPU
		{FFA7C26C-8E6E-467C-9492-7A3632075475}.Release|Any CPU.Build.0 = Release|Any CPU
		{FFA7C26C-8E6E-467C-9492-7A3632075475}.Debug|iPhoneSimulator.ActiveCfg = Debug|Any CPU
		{FFA7C26C-8E6E-467C-9492-7A3632075475}.Debug|iPhoneSimulator.Build.0 = Debug|Any CPU
		{FFA7C26C-8E6E-467C-9492-7A3632075475}.Release|iPhone.ActiveCfg = Release|Any CPU
		{FFA7C26C-8E6E-467C-9492-7A3632075475}.Release|iPhone.Build.0 = Release|Any CPU
		{FFA7C26C-8E6E-467C-9492-7A3632075475}.Release|iPhoneSimulator.ActiveCfg = Release|Any CPU
		{FFA7C26C-8E6E-467C-9492-7A3632075475}.Release|iPhoneSimulator.Build.0 = Release|Any CPU
		{FFA7C26C-8E6E-467C-9492-7A3632075475}.Debug|iPhone.ActiveCfg = Debug|Any CPU
		{FFA7C26C-8E6E-467C-9492-7A3632075475}.Debug|iPhone.Build.0 = Debug|Any CPU
		{81F3CCD1-1201-42D6-BB70-D65670DB1AA6}.Debug|Any CPU.ActiveCfg = Debug|iPhoneSimulator
		{81F3CCD1-1201-42D6-BB70-D65670DB1AA6}.Debug|Any CPU.Build.0 = Debug|iPhoneSimulator
		{81F3CCD1-1201-42D6-BB70-D65670DB1AA6}.Release|Any CPU.ActiveCfg = Debug|iPhoneSimulator
		{81F3CCD1-1201-42D6-BB70-D65670DB1AA6}.Release|Any CPU.Build.0 = Debug|iPhoneSimulator
		{81F3CCD1-1201-42D6-BB70-D65670DB1AA6}.Debug|iPhoneSimulator.ActiveCfg = Debug|iPhoneSimulator
		{81F3CCD1-1201-42D6-BB70-D65670DB1AA6}.Debug|iPhoneSimulator.Build.0 = Debug|iPhoneSimulator
		{81F3CCD1-1201-42D6-BB70-D65670DB1AA6}.Release|iPhone.ActiveCfg = Release|iPhone
		{81F3CCD1-1201-42D6-BB70-D65670DB1AA6}.Release|iPhone.Build.0 = Release|iPhone
		{81F3CCD1-1201-42D6-BB70-D65670DB1AA6}.Release|iPhoneSimulator.ActiveCfg = Release|iPhoneSimulator
		{81F3CCD1-1201-42D6-BB70-D65670DB1AA6}.Release|iPhoneSimulator.Build.0 = Release|iPhoneSimulator
		{81F3CCD1-1201-42D6-BB70-D65670DB1AA6}.Debug|iPhone.ActiveCfg = Debug|iPhone
		{81F3CCD1-1201-42D6-BB70-D65670DB1AA6}.Debug|iPhone.Build.0 = Debug|iPhone
		{548D186E-0E4C-4357-907F-0FE1ED47D77C}.Debug|Any CPU.ActiveCfg = Debug|Any CPU
		{548D186E-0E4C-4357-907F-0FE1ED47D77C}.Debug|Any CPU.Build.0 = Debug|Any CPU
		{548D186E-0E4C-4357-907F-0FE1ED47D77C}.Release|Any CPU.ActiveCfg = Release|Any CPU
		{548D186E-0E4C-4357-907F-0FE1ED47D77C}.Release|Any CPU.Build.0 = Release|Any CPU
		{548D186E-0E4C-4357-907F-0FE1ED47D77C}.Debug|iPhoneSimulator.ActiveCfg = Debug|Any CPU
		{548D186E-0E4C-4357-907F-0FE1ED47D77C}.Debug|iPhoneSimulator.Build.0 = Debug|Any CPU
		{548D186E-0E4C-4357-907F-0FE1ED47D77C}.Release|iPhone.ActiveCfg = Release|Any CPU
		{548D186E-0E4C-4357-907F-0FE1ED47D77C}.Release|iPhone.Build.0 = Release|Any CPU
		{548D186E-0E4C-4357-907F-0FE1ED47D77C}.Release|iPhoneSimulator.ActiveCfg = Release|Any CPU
		{548D186E-0E4C-4357-907F-0FE1ED47D77C}.Release|iPhoneSimulator.Build.0 = Release|Any CPU
		{548D186E-0E4C-4357-907F-0FE1ED47D77C}.Debug|iPhone.ActiveCfg = Debug|Any CPU
		{548D186E-0E4C-4357-907F-0FE1ED47D77C}.Debug|iPhone.Build.0 = Debug|Any CPU
	EndGlobalSection
EndGlobal
